
Microsoft Visual Studio Solution File, Format Version 12.00
# Visual Studio Version 17
VisualStudioVersion = 17.7.34018.315
MinimumVisualStudioVersion = 10.0.40219.1
Project("{9A19103F-16F7-4668-BE54-9A1E7A4F7556}") = "PriceAPI", "PriceAPI\PriceAPI.csproj", "{E868A103-61F0-40BA-860D-CDF77663BAE8}"
EndProject
Project("{9A19103F-16F7-4668-BE54-9A1E7A4F7556}") = "DataAccessLayer", "DataAccessLayer\DataAccessLayer.csproj", "{B14BB837-653C-44DD-9585-24FB5C8E54DD}"
EndProject
Project("{9A19103F-16F7-4668-BE54-9A1E7A4F7556}") = "DatabaseLayer", "DatabaseLayer\DatabaseLayer.csproj", "{F10A1B24-AE17-42EE-A09F-DAAEE15DA57B}"
EndProject
Project("{9A19103F-16F7-4668-BE54-9A1E7A4F7556}") = "WebScrapperLayer", "WebScrapperLayer\WebScrapperLayer.csproj", "{0F67D0FA-E277-4909-A073-15384F68B800}"
EndProject
Project("{9A19103F-16F7-4668-BE54-9A1E7A4F7556}") = "WebScrapperTesting", "WebScrapperTesting\WebScrapperTesting.csproj", "{5BCF4458-33FE-4C65-9A90-CE0362F5F176}"
EndProject
Project("{FAE04EC0-301F-11D3-BF4B-00C04F79EFBC}") = "DataAccessLayerTesting", "DataAccessLayerTesting\DataAccessLayerTesting.csproj", "{DFA8CFE4-232A-4DDE-A7DD-ED93B2896509}"
EndProject
Global
	GlobalSection(SolutionConfigurationPlatforms) = preSolution
		Debug|Any CPU = Debug|Any CPU
		Release|Any CPU = Release|Any CPU
	EndGlobalSection
	GlobalSection(ProjectConfigurationPlatforms) = postSolution
		{E868A103-61F0-40BA-860D-CDF77663BAE8}.Debug|Any CPU.ActiveCfg = Debug|Any CPU
		{E868A103-61F0-40BA-860D-CDF77663BAE8}.Debug|Any CPU.Build.0 = Debug|Any CPU
		{E868A103-61F0-40BA-860D-CDF77663BAE8}.Release|Any CPU.ActiveCfg = Release|Any CPU
		{E868A103-61F0-40BA-860D-CDF77663BAE8}.Release|Any CPU.Build.0 = Release|Any CPU
		{B14BB837-653C-44DD-9585-24FB5C8E54DD}.Debug|Any CPU.ActiveCfg = Debug|Any CPU
		{B14BB837-653C-44DD-9585-24FB5C8E54DD}.Debug|Any CPU.Build.0 = Debug|Any CPU
		{B14BB837-653C-44DD-9585-24FB5C8E54DD}.Release|Any CPU.ActiveCfg = Release|Any CPU
		{B14BB837-653C-44DD-9585-24FB5C8E54DD}.Release|Any CPU.Build.0 = Release|Any CPU
		{F10A1B24-AE17-42EE-A09F-DAAEE15DA57B}.Debug|Any CPU.ActiveCfg = Debug|Any CPU
		{F10A1B24-AE17-42EE-A09F-DAAEE15DA57B}.Debug|Any CPU.Build.0 = Debug|Any CPU
		{F10A1B24-AE17-42EE-A09F-DAAEE15DA57B}.Release|Any CPU.ActiveCfg = Release|Any CPU
		{F10A1B24-AE17-42EE-A09F-DAAEE15DA57B}.Release|Any CPU.Build.0 = Release|Any CPU
		{0F67D0FA-E277-4909-A073-15384F68B800}.Debug|Any CPU.ActiveCfg = Debug|Any CPU
		{0F67D0FA-E277-4909-A073-15384F68B800}.Debug|Any CPU.Build.0 = Debug|Any CPU
		{0F67D0FA-E277-4909-A073-15384F68B800}.Release|Any CPU.ActiveCfg = Release|Any CPU
		{0F67D0FA-E277-4909-A073-15384F68B800}.Release|Any CPU.Build.0 = Release|Any CPU
		{5BCF4458-33FE-4C65-9A90-CE0362F5F176}.Debug|Any CPU.ActiveCfg = Debug|Any CPU
		{5BCF4458-33FE-4C65-9A90-CE0362F5F176}.Debug|Any CPU.Build.0 = Debug|Any CPU
		{5BCF4458-33FE-4C65-9A90-CE0362F5F176}.Release|Any CPU.ActiveCfg = Release|Any CPU
		{5BCF4458-33FE-4C65-9A90-CE0362F5F176}.Release|Any CPU.Build.0 = Release|Any CPU
		{DFA8CFE4-232A-4DDE-A7DD-ED93B2896509}.Debug|Any CPU.ActiveCfg = Debug|Any CPU
		{DFA8CFE4-232A-4DDE-A7DD-ED93B2896509}.Debug|Any CPU.Build.0 = Debug|Any CPU
		{DFA8CFE4-232A-4DDE-A7DD-ED93B2896509}.Release|Any CPU.ActiveCfg = Release|Any CPU
		{DFA8CFE4-232A-4DDE-A7DD-ED93B2896509}.Release|Any CPU.Build.0 = Release|Any CPU
	EndGlobalSection
	GlobalSection(SolutionProperties) = preSolution
		HideSolutionNode = FALSE
	EndGlobalSection
	GlobalSection(ExtensibilityGlobals) = postSolution
		SolutionGuid = {CAA3CC55-5368-4E0B-ACE7-20B294235BBC}
	EndGlobalSection
EndGlobal
